
Microsoft Visual Studio Solution File, Format Version 12.00
# Visual Studio 15
VisualStudioVersion = 15.0.27703.2047
MinimumVisualStudioVersion = 10.0.40219.1
Project("{9A19103F-16F7-4668-BE54-9A1E7A4F7556}") = "TumbleDown", "TumbleDown\TumbleDown.csproj", "{B1594460-6FB4-4B1F-9CD3-892541296744}"
EndProject
Project("{2150E333-8FDC-42A3-9474-1A3956D46DE8}") = "Docs", "Docs", "{6AC9F875-A6A2-44D7-B5A8-1DD8FE842938}"
	ProjectSection(SolutionItems) = preProject
		License.txt = License.txt
		README.md = README.md
	EndProjectSection
EndProject
Global
	GlobalSection(SolutionConfigurationPlatforms) = preSolution
		Debug|Any CPU = Debug|Any CPU
		Release|Any CPU = Release|Any CPU
	EndGlobalSection
	GlobalSection(ProjectConfigurationPlatforms) = postSolution
		{B1594460-6FB4-4B1F-9CD3-892541296744}.Debug|Any CPU.ActiveCfg = Debug|Any CPU
		{B1594460-6FB4-4B1F-9CD3-892541296744}.Debug|Any CPU.Build.0 = Debug|Any CPU
		{B1594460-6FB4-4B1F-9CD3-892541296744}.Release|Any CPU.ActiveCfg = Release|Any CPU
		{B1594460-6FB4-4B1F-9CD3-892541296744}.Release|Any CPU.Build.0 = Release|Any CPU
	EndGlobalSection
	GlobalSection(SolutionProperties) = preSolution
		HideSolutionNode = FALSE
	EndGlobalSection
	GlobalSection(ExtensibilityGlobals) = postSolution
		SolutionGuid = {3D17BB8F-62CE-431E-8BEC-DBB78294F2B5}
	EndGlobalSection
EndGlobal
